# This file was autogenerated by Stack.
# You should not edit this file by hand.
# For more information, please see the documentation at:
#   https://docs.haskellstack.org/en/stable/lock_files

packages:
- completed:
    hackage: hsqml-0.3.5.1@sha256:f8b06c0e5def57362345bd39de63acf177dc666ceebae64b7720d62d3a4631b8,5202
    pantry-tree:
      size: 3160
      sha256: e85c53364989fb682e646435c4d7e144e69eee907c72225017e9118d7bcd7d14
  original:
    hackage: hsqml-0.3.5.1
snapshots:
- completed:
    size: 506659
    url: https://raw.githubusercontent.com/commercialhaskell/stackage-snapshots/master/lts/11/3.yaml
    sha256: 4a02ab9386e5968c58529fdf79707ccd0ae1352c213e28a78ee9e0d836be1824
  original: lts-11.3
